
Microsoft Visual Studio Solution File, Format Version 12.00
# Visual Studio Version 17
VisualStudioVersion = 17.14.36603.0
MinimumVisualStudioVersion = 10.0.40219.1
Project("{FAE04EC0-301F-11D3-BF4B-00C04F79EFBC}") = "Enum", "Enum\Enum.csproj", "{1AEF379E-4E7F-426A-AA31-4F1689DD66B2}"
EndProject
Project("{FAE04EC0-301F-11D3-BF4B-00C04F79EFBC}") = "MASIN", "MASIN\MASIN.csproj", "{C72D7D24-7EF3-41C9-BEA5-CABAD0157753}"
EndProject
Global
	GlobalSection(SolutionConfigurationPlatforms) = preSolution
		Debug|Any CPU = Debug|Any CPU
		Release|Any CPU = Release|Any CPU
	EndGlobalSection
	GlobalSection(ProjectConfigurationPlatforms) = postSolution
		{1AEF379E-4E7F-426A-AA31-4F1689DD66B2}.Debug|Any CPU.ActiveCfg = Debug|Any CPU
		{1AEF379E-4E7F-426A-AA31-4F1689DD66B2}.Debug|Any CPU.Build.0 = Debug|Any CPU
		{1AEF379E-4E7F-426A-AA31-4F1689DD66B2}.Release|Any CPU.ActiveCfg = Release|Any CPU
		{1AEF379E-4E7F-426A-AA31-4F1689DD66B2}.Release|Any CPU.Build.0 = Release|Any CPU
		{C72D7D24-7EF3-41C9-BEA5-CABAD0157753}.Debug|Any CPU.ActiveCfg = Debug|Any CPU
		{C72D7D24-7EF3-41C9-BEA5-CABAD0157753}.Debug|Any CPU.Build.0 = Debug|Any CPU
		{C72D7D24-7EF3-41C9-BEA5-CABAD0157753}.Release|Any CPU.ActiveCfg = Release|Any CPU
		{C72D7D24-7EF3-41C9-BEA5-CABAD0157753}.Release|Any CPU.Build.0 = Release|Any CPU
	EndGlobalSection
	GlobalSection(SolutionProperties) = preSolution
		HideSolutionNode = FALSE
	EndGlobalSection
	GlobalSection(ExtensibilityGlobals) = postSolution
		SolutionGuid = {88A9CF0D-A568-4028-BDF0-A91E264F7DF2}
	EndGlobalSection
EndGlobal
